
Microsoft Visual Studio Solution File, Format Version 12.00
# Visual Studio 15
VisualStudioVersion = 15.0.27703.2035
MinimumVisualStudioVersion = 10.0.40219.1
Project("{FAE04EC0-301F-11D3-BF4B-00C04F79EFBC}") = "BotChat.ConsoleHost", "BotChat\BotChat.ConsoleHost.csproj", "{ADD0D00F-6B95-4B6F-80DE-8984C227C892}"
EndProject
Project("{FAE04EC0-301F-11D3-BF4B-00C04F79EFBC}") = "BotChat.Core", "BotChat.Core\BotChat.Core.csproj", "{2F28B291-E3D5-482A-8D73-C2E21645424F}"
EndProject
Global
	GlobalSection(SolutionConfigurationPlatforms) = preSolution
		Debug|Any CPU = Debug|Any CPU
		Release|Any CPU = Release|Any CPU
	EndGlobalSection
	GlobalSection(ProjectConfigurationPlatforms) = postSolution
		{ADD0D00F-6B95-4B6F-80DE-8984C227C892}.Debug|Any CPU.ActiveCfg = Debug|Any CPU
		{ADD0D00F-6B95-4B6F-80DE-8984C227C892}.Debug|Any CPU.Build.0 = Debug|Any CPU
		{ADD0D00F-6B95-4B6F-80DE-8984C227C892}.Release|Any CPU.ActiveCfg = Release|Any CPU
		{ADD0D00F-6B95-4B6F-80DE-8984C227C892}.Release|Any CPU.Build.0 = Release|Any CPU
		{2F28B291-E3D5-482A-8D73-C2E21645424F}.Debug|Any CPU.ActiveCfg = Debug|Any CPU
		{2F28B291-E3D5-482A-8D73-C2E21645424F}.Debug|Any CPU.Build.0 = Debug|Any CPU
		{2F28B291-E3D5-482A-8D73-C2E21645424F}.Release|Any CPU.ActiveCfg = Release|Any CPU
		{2F28B291-E3D5-482A-8D73-C2E21645424F}.Release|Any CPU.Build.0 = Release|Any CPU
	EndGlobalSection
	GlobalSection(SolutionProperties) = preSolution
		HideSolutionNode = FALSE
	EndGlobalSection
	GlobalSection(ExtensibilityGlobals) = postSolution
		SolutionGuid = {66D02404-074A-454D-A5C3-E6861C90993B}
	EndGlobalSection
EndGlobal
